
Microsoft Visual Studio Solution File, Format Version 12.00
# Visual Studio Version 16
VisualStudioVersion = 16.0.29102.190
MinimumVisualStudioVersion = 10.0.40219.1
Project("{FAE04EC0-301F-11D3-BF4B-00C04F79EFBC}") = "Social", "Social\Social.csproj", "{F6EB4E03-AF5B-4760-8178-1EB6002FA756}"
EndProject
Global
	GlobalSection(SolutionConfigurationPlatforms) = preSolution
		Debug|Any CPU = Debug|Any CPU
		Release|Any CPU = Release|Any CPU
	EndGlobalSection
	GlobalSection(ProjectConfigurationPlatforms) = postSolution
		{F6EB4E03-AF5B-4760-8178-1EB6002FA756}.Debug|Any CPU.ActiveCfg = Debug|Any CPU
		{F6EB4E03-AF5B-4760-8178-1EB6002FA756}.Debug|Any CPU.Build.0 = Debug|Any CPU
		{F6EB4E03-AF5B-4760-8178-1EB6002FA756}.Release|Any CPU.ActiveCfg = Release|Any CPU
		{F6EB4E03-AF5B-4760-8178-1EB6002FA756}.Release|Any CPU.Build.0 = Release|Any CPU
	EndGlobalSection
	GlobalSection(SolutionProperties) = preSolution
		HideSolutionNode = FALSE
	EndGlobalSection
	GlobalSection(ExtensibilityGlobals) = postSolution
		SolutionGuid = {3D3DC24C-3F59-4279-ABBE-AD8B21F80037}
	EndGlobalSection
EndGlobal
